
Microsoft Visual Studio Solution File, Format Version 12.00
# Visual Studio Version 17
VisualStudioVersion = 17.3.32811.315
MinimumVisualStudioVersion = 10.0.40219.1
Project("{FAE04EC0-301F-11D3-BF4B-00C04F79EFBC}") = "PowerOf2", "PowerOf2.csproj", "{5B82C36F-B632-4385-8C77-5ECD688B83C7}"
EndProject
Global
	GlobalSection(SolutionConfigurationPlatforms) = preSolution
		Debug|Any CPU = Debug|Any CPU
		Release|Any CPU = Release|Any CPU
	EndGlobalSection
	GlobalSection(ProjectConfigurationPlatforms) = postSolution
		{5B82C36F-B632-4385-8C77-5ECD688B83C7}.Debug|Any CPU.ActiveCfg = Debug|Any CPU
		{5B82C36F-B632-4385-8C77-5ECD688B83C7}.Debug|Any CPU.Build.0 = Debug|Any CPU
		{5B82C36F-B632-4385-8C77-5ECD688B83C7}.Release|Any CPU.ActiveCfg = Release|Any CPU
		{5B82C36F-B632-4385-8C77-5ECD688B83C7}.Release|Any CPU.Build.0 = Release|Any CPU
	EndGlobalSection
	GlobalSection(SolutionProperties) = preSolution
		HideSolutionNode = FALSE
	EndGlobalSection
	GlobalSection(ExtensibilityGlobals) = postSolution
		SolutionGuid = {6FF40D52-E446-4D47-BEC5-46A7C53F2D99}
	EndGlobalSection
EndGlobal
